github.com/McShelby/hugo-theme-relearn v0.0.0-20240901115750-0cb97716e09a h1:UiAP4gr36qknGz1mOH7JeY+vtAHqXh9DNsP0EomoAgw=
github.com/McShelby/hugo-theme-relearn v0.0.0-20240901115750-0cb97716e09a/go.mod h1:mKQQdxZNIlLvAj8X3tMq+RzntIJSr9z7XdzuMomt0IM=
github.com/McShelby/hugo-theme-relearn v0.0.0-20240912201755-d5a0ee04ad98 h1:l4bZTr5Px7N8KSVZ3sYxYzCoQ/bYq0fzGcY1n2fkGzg=
github.com/McShelby/hugo-theme-relearn v0.0.0-20240912201755-d5a0ee04ad98/go.mod h1:mKQQdxZNIlLvAj8X3tMq+RzntIJSr9z7XdzuMomt0IM=
